PODS:
  - Capacitor (7.4.2):
    - CapacitorCordova
  - CapacitorApp (7.0.1):
    - Capacitor
  - CapacitorCordova (7.4.2)
  - CapacitorLocalNotifications (7.0.1):
    - Capacitor
  - CapacitorPreferences (7.0.1):
    - Capacitor
  - CordovaPlugins (7.4.2):
    - CapacitorCordova
  - PurchasesHybridCommon (14.2.0):
    - RevenueCat (= 5.32.0)
  - RevenueCat (5.32.0)
  - RevenuecatPurchasesCapacitor (10.3.8):
    - Capacitor
    - PurchasesHybridCommon (= 14.2.0)

DEPENDENCIES:
  - "Capacitor (from `../../node_modules/@capacitor/ios`)"
  - "CapacitorApp (from `../../node_modules/@capacitor/app`)"
  - "CapacitorCordova (from `../../node_modules/@capacitor/ios`)"
  - "CapacitorLocalNotifications (from `../../node_modules/@capacitor/local-notifications`)"
  - "CapacitorPreferences (from `../../node_modules/@capacitor/preferences`)"
  - CordovaPlugins (from `../capacitor-cordova-ios-plugins`)
  - "RevenuecatPurchasesCapacitor (from `../../node_modules/@revenuecat/purchases-capacitor`)"

SPEC REPOS:
  trunk:
    - PurchasesHybridCommon
    - RevenueCat

EXTERNAL SOURCES:
  Capacitor:
    :path: "../../node_modules/@capacitor/ios"
  CapacitorApp:
    :path: "../../node_modules/@capacitor/app"
  CapacitorCordova:
    :path: "../../node_modules/@capacitor/ios"
  CapacitorLocalNotifications:
    :path: "../../node_modules/@capacitor/local-notifications"
  CapacitorPreferences:
    :path: "../../node_modules/@capacitor/preferences"
  CordovaPlugins:
    :path: "../capacitor-cordova-ios-plugins"
  RevenuecatPurchasesCapacitor:
    :path: "../../node_modules/@revenuecat/purchases-capacitor"

SPEC CHECKSUMS:
  Capacitor: 156d98aba46ec01dde72c4bbb92fa626837cad29
  CapacitorApp: d63334c052278caf5d81585d80b21905c6f93f39
  CapacitorCordova: 5e58d04631bc5094894ac106e2bf1da18a9e6151
  CapacitorLocalNotifications: 4ea60b9347eac60b37cb4daaf62d12060bb00972
  CapacitorPreferences: cbf154e5e5519b7f5ab33817a334dda1e98387f9
  CordovaPlugins: 211ba1d0d826dcc3e789da3b45560bb87fd5c121
  PurchasesHybridCommon: f1650b33e9a1dd04d5e8a40dfe757f39e63f935c
  RevenueCat: 7e1d0768fb287c9983173c9b28e39ccbeeb828a9
  RevenuecatPurchasesCapacitor: 556c28e9b720bcb7400bb2bcaad003db72f2abb0

PODFILE CHECKSUM: 35b721420cc79a7c85d47993d6b024a2b2b53361

COCOAPODS: 1.16.2
